
Microsoft Visual Studio Solution File, Format Version 12.00
# Visual Studio Version 17
VisualStudioVersion = 17.4.33213.308
MinimumVisualStudioVersion = 10.0.40219.1
Project("{FAE04EC0-301F-11D3-BF4B-00C04F79EFBC}") = "Izpitvane21.02.23", "Izpitvane21.02.23.csproj", "{5F24E612-7AED-40F6-8706-2CE06D2843A6}"
EndProject
Global
	GlobalSection(SolutionConfigurationPlatforms) = preSolution
		Debug|Any CPU = Debug|Any CPU
		Release|Any CPU = Release|Any CPU
	EndGlobalSection
	GlobalSection(ProjectConfigurationPlatforms) = postSolution
		{5F24E612-7AED-40F6-8706-2CE06D2843A6}.Debug|Any CPU.ActiveCfg = Debug|Any CPU
		{5F24E612-7AED-40F6-8706-2CE06D2843A6}.Debug|Any CPU.Build.0 = Debug|Any CPU
		{5F24E612-7AED-40F6-8706-2CE06D2843A6}.Release|Any CPU.ActiveCfg = Release|Any CPU
		{5F24E612-7AED-40F6-8706-2CE06D2843A6}.Release|Any CPU.Build.0 = Release|Any CPU
	EndGlobalSection
	GlobalSection(SolutionProperties) = preSolution
		HideSolutionNode = FALSE
	EndGlobalSection
	GlobalSection(ExtensibilityGlobals) = postSolution
		SolutionGuid = {C30919B7-59E9-4CFE-B4D3-948DE1D93722}
	EndGlobalSection
EndGlobal
